
Microsoft Visual Studio Solution File, Format Version 12.00
# Visual Studio Version 17
VisualStudioVersion = 17.2.32519.379
MinimumVisualStudioVersion = 10.0.40219.1
Project("{9A19103F-16F7-4668-BE54-9A1E7A4F7556}") = "AutoUpdaterConsole", "src\AutoUpdaterConsole\AutoUpdaterConsole.csproj", "{9C1642C3-8E4B-4975-9E50-743E07468E3B}"
EndProject
Project("{9A19103F-16F7-4668-BE54-9A1E7A4F7556}") = "AutoUpdaterModel", "src\AutoUpdateModel\AutoUpdaterModel.csproj", "{C064FFDF-5637-4D33-89B8-C99009D4E768}"
EndProject
Project("{9A19103F-16F7-4668-BE54-9A1E7A4F7556}") = "AutoUpdaterHelp", "src\AutoUpdateHelp\AutoUpdaterHelp.csproj", "{B6A4F149-FDFA-4363-ABF1-A17418BCAC2E}"
EndProject
Project("{2150E333-8FDC-42A3-9474-1A3956D46DE8}") = "Base", "Base", "{2705C76B-218F-44A9-A7B8-9115CB385CF9}"
EndProject
Project("{9A19103F-16F7-4668-BE54-9A1E7A4F7556}") = "BaseLibrary.Console", "..\BaseLibrary\src\BaseLibrary.Console\BaseLibrary.Console.csproj", "{FAB0E91A-ACF1-417C-8367-D0E6C05C1E78}"
EndProject
Project("{9A19103F-16F7-4668-BE54-9A1E7A4F7556}") = "BaseLibrary.File", "..\BaseLibrary\src\BaseLibrary.File\BaseLibrary.File.csproj", "{C18FE033-FE13-4582-AB26-6FB42BBCA9F8}"
EndProject
Project("{9A19103F-16F7-4668-BE54-9A1E7A4F7556}") = "BaseLibrary.HTTP", "..\BaseLibrary\src\BaseLibrary.HTTP\BaseLibrary.HTTP.csproj", "{1579FB19-7C0A-46CF-8E12-ACBAA438A55A}"
EndProject
Project("{9A19103F-16F7-4668-BE54-9A1E7A4F7556}") = "BaseLibrary.Exception", "..\BaseLibrary\src\BaseLibrary.Exception\BaseLibrary.Exception.csproj", "{2A6E5C30-7B0B-4D2C-9F1A-1234567890AB}"
EndProject
Project("{2150E333-8FDC-42A3-9474-1A3956D46DE8}") = "tools", "tools", "{3B4F7E55-6789-4ABC-9DEF-0123456789AB}"
EndProject
Project("{9A19103F-16F7-4668-BE54-9A1E7A4F7556}") = "AutoUpdaterReleaseTool", "tools\AutoUpdaterReleaseTool\AutoUpdaterReleaseTool.csproj", "{4C5E8F66-789A-4BCD-AEF0-123456789ABC}"
EndProject
Project("{2150E333-8FDC-42A3-9474-1A3956D46DE8}") = "tests", "tests", "{5D6F9A77-89AB-4CDE-9F01-23456789ABCD}"
EndProject
Project("{9A19103F-16F7-4668-BE54-9A1E7A4F7556}") = "AutoUpdater.Tests", "tests\AutoUpdater.Tests\AutoUpdater.Tests.csproj", "{6E7AB088-9ABC-4DEF-A012-3456789ABCDE}"
EndProject
Global
	GlobalSection(SolutionConfigurationPlatforms) = preSolution
		Debug|Any CPU = Debug|Any CPU
		Release|Any CPU = Release|Any CPU
	EndGlobalSection
	GlobalSection(ProjectConfigurationPlatforms) = postSolution
		{9C1642C3-8E4B-4975-9E50-743E07468E3B}.Debug|Any CPU.ActiveCfg = Debug|Any CPU
		{9C1642C3-8E4B-4975-9E50-743E07468E3B}.Debug|Any CPU.Build.0 = Debug|Any CPU
		{9C1642C3-8E4B-4975-9E50-743E07468E3B}.Release|Any CPU.ActiveCfg = Release|Any CPU
		{9C1642C3-8E4B-4975-9E50-743E07468E3B}.Release|Any CPU.Build.0 = Release|Any CPU
		{C064FFDF-5637-4D33-89B8-C99009D4E768}.Debug|Any CPU.ActiveCfg = Debug|Any CPU
		{C064FFDF-5637-4D33-89B8-C99009D4E768}.Debug|Any CPU.Build.0 = Debug|Any CPU
		{C064FFDF-5637-4D33-89B8-C99009D4E768}.Release|Any CPU.ActiveCfg = Release|Any CPU
		{C064FFDF-5637-4D33-89B8-C99009D4E768}.Release|Any CPU.Build.0 = Release|Any CPU
		{B6A4F149-FDFA-4363-ABF1-A17418BCAC2E}.Debug|Any CPU.ActiveCfg = Debug|Any CPU
		{B6A4F149-FDFA-4363-ABF1-A17418BCAC2E}.Debug|Any CPU.Build.0 = Debug|Any CPU
		{B6A4F149-FDFA-4363-ABF1-A17418BCAC2E}.Release|Any CPU.ActiveCfg = Release|Any CPU
		{B6A4F149-FDFA-4363-ABF1-A17418BCAC2E}.Release|Any CPU.Build.0 = Release|Any CPU
		{FAB0E91A-ACF1-417C-8367-D0E6C05C1E78}.Debug|Any CPU.ActiveCfg = Debug|Any CPU
		{FAB0E91A-ACF1-417C-8367-D0E6C05C1E78}.Debug|Any CPU.Build.0 = Debug|Any CPU
		{FAB0E91A-ACF1-417C-8367-D0E6C05C1E78}.Release|Any CPU.ActiveCfg = Release|Any CPU
		{FAB0E91A-ACF1-417C-8367-D0E6C05C1E78}.Release|Any CPU.Build.0 = Release|Any CPU
		{C18FE033-FE13-4582-AB26-6FB42BBCA9F8}.Debug|Any CPU.ActiveCfg = Debug|Any CPU
		{C18FE033-FE13-4582-AB26-6FB42BBCA9F8}.Debug|Any CPU.Build.0 = Debug|Any CPU
		{C18FE033-FE13-4582-AB26-6FB42BBCA9F8}.Release|Any CPU.ActiveCfg = Release|Any CPU
		{C18FE033-FE13-4582-AB26-6FB42BBCA9F8}.Release|Any CPU.Build.0 = Release|Any CPU
		{1579FB19-7C0A-46CF-8E12-ACBAA438A55A}.Debug|Any CPU.ActiveCfg = Debug|Any CPU
		{1579FB19-7C0A-46CF-8E12-ACBAA438A55A}.Debug|Any CPU.Build.0 = Debug|Any CPU
		{1579FB19-7C0A-46CF-8E12-ACBAA438A55A}.Release|Any CPU.ActiveCfg = Release|Any CPU
		{1579FB19-7C0A-46CF-8E12-ACBAA438A55A}.Release|Any CPU.Build.0 = Release|Any CPU
		{2A6E5C30-7B0B-4D2C-9F1A-1234567890AB}.Debug|Any CPU.ActiveCfg = Debug|Any CPU
		{2A6E5C30-7B0B-4D2C-9F1A-1234567890AB}.Debug|Any CPU.Build.0 = Debug|Any CPU
		{2A6E5C30-7B0B-4D2C-9F1A-1234567890AB}.Release|Any CPU.ActiveCfg = Release|Any CPU
		{2A6E5C30-7B0B-4D2C-9F1A-1234567890AB}.Release|Any CPU.Build.0 = Release|Any CPU
		{4C5E8F66-789A-4BCD-AEF0-123456789ABC}.Debug|Any CPU.ActiveCfg = Debug|Any CPU
		{4C5E8F66-789A-4BCD-AEF0-123456789ABC}.Debug|Any CPU.Build.0 = Debug|Any CPU
		{4C5E8F66-789A-4BCD-AEF0-123456789ABC}.Release|Any CPU.ActiveCfg = Release|Any CPU
		{4C5E8F66-789A-4BCD-AEF0-123456789ABC}.Release|Any CPU.Build.0 = Release|Any CPU
		{6E7AB088-9ABC-4DEF-A012-3456789ABCDE}.Debug|Any CPU.ActiveCfg = Debug|Any CPU
		{6E7AB088-9ABC-4DEF-A012-3456789ABCDE}.Debug|Any CPU.Build.0 = Debug|Any CPU
		{6E7AB088-9ABC-4DEF-A012-3456789ABCDE}.Release|Any CPU.ActiveCfg = Release|Any CPU
		{6E7AB088-9ABC-4DEF-A012-3456789ABCDE}.Release|Any CPU.Build.0 = Release|Any CPU
	EndGlobalSection
	GlobalSection(SolutionProperties) = preSolution
		HideSolutionNode = FALSE
	EndGlobalSection
	GlobalSection(NestedProjects) = preSolution
		{FAB0E91A-ACF1-417C-8367-D0E6C05C1E78} = {2705C76B-218F-44A9-A7B8-9115CB385CF9}
		{C18FE033-FE13-4582-AB26-6FB42BBCA9F8} = {2705C76B-218F-44A9-A7B8-9115CB385CF9}
		{1579FB19-7C0A-46CF-8E12-ACBAA438A55A} = {2705C76B-218F-44A9-A7B8-9115CB385CF9}
		{2A6E5C30-7B0B-4D2C-9F1A-1234567890AB} = {2705C76B-218F-44A9-A7B8-9115CB385CF9}
		{4C5E8F66-789A-4BCD-AEF0-123456789ABC} = {3B4F7E55-6789-4ABC-9DEF-0123456789AB}
		{6E7AB088-9ABC-4DEF-A012-3456789ABCDE} = {5D6F9A77-89AB-4CDE-9F01-23456789ABCD}
	EndGlobalSection
	GlobalSection(ExtensibilityGlobals) = postSolution
		SolutionGuid = {B789608A-FEA5-4A2D-89A7-1F9ADDFA89DA}
	EndGlobalSection
EndGlobal
